{
  "name": "voice-satellite-e2e",
  "lockfileVersion": 3,
  "requires": true,
  "packages": {
    "": {
      "name": "voice-satellite-e2e",
      "dependencies": {
        "@homelab/ha-testbed": "file:../../../ha-integration-testbed/browser"
      }
    },
    "../../../ha-integration-testbed/browser": {
      "name": "@homelab/ha-testbed",
      "version": "0.1.0",
      "dependencies": {
        "@playwright/test": "1.63.0"
      }
    },
    "node_modules/@homelab/ha-testbed": {
      "resolved": "../../../ha-integration-testbed/browser",
      "link": true
    }
  }
}
